{
  "name": "youtube-dl",
  "version": "2.0.2",
  "lockfileVersion": 1,
  "requires": true,
  "dependencies": {
    "electron-is-dev": {
      "version": "1.1.0",
      "resolved": "https://registry.npmjs.org/electron-is-dev/-/electron-is-dev-1.1.0.tgz",
      "integrity": "sha512-Z1qA/1oHNowGtSBIcWk0pcLEqYT/j+13xUw/MYOrBUOL4X7VN0i0KCTf5SqyvMPmW5pSPKbo28wkxMxzZ20YnQ=="
    },
    "electron-util": {
      "version": "0.13.0",
      "resolved": "https://registry.npmjs.org/electron-util/-/electron-util-0.13.0.tgz",
      "integrity": "sha512-3jpvw72quwKMI5fBSE+9oQvtcBmjLZZq5wlOuUujEbV6gRD2Vzrfqmiu0PSwO7+ki7E6xsnrWHg85vMJ/rL/GA==",
      "requires": {
        "electron-is-dev": "^1.1.0",
        "new-github-issue-url": "^0.2.1"
      }
    },
    "new-github-issue-url": {
      "version": "0.2.1",
      "resolved": "https://registry.npmjs.org/new-github-issue-url/-/new-github-issue-url-0.2.1.tgz",
      "integrity": "sha512-md4cGoxuT4T4d/HDOXbrUHkTKrp/vp+m3aOA7XXVYwNsUNMK49g3SQicTSeV5GIz/5QVGAeYRAOlyp9OvlgsYA=="
    }
  }
}
